
Microsoft Visual Studio Solution File, Format Version 12.00
# Visual Studio 15
VisualStudioVersion = 15.0.28307.757
MinimumVisualStudioVersion = 10.0.40219.1
Project("{8BC9CEB8-8B4A-11D0-8D11-00A0C91BC942}") = "Task3. Shapes. Inheritance", "Task3. Shapes. Inheritance\Task3. Shapes. Inheritance.vcxproj", "{CD57FFB7-7A4D-4739-93D1-F5C89E873BDE}"
EndProject
Global
	GlobalSection(SolutionConfigurationPlatforms) = preSolution
		Debug|x64 = Debug|x64
		Debug|x86 = Debug|x86
		Release|x64 = Release|x64
		Release|x86 = Release|x86
	EndGlobalSection
	GlobalSection(ProjectConfigurationPlatforms) = postSolution
		{CD57FFB7-7A4D-4739-93D1-F5C89E873BDE}.Debug|x64.ActiveCfg = Debug|x64
		{CD57FFB7-7A4D-4739-93D1-F5C89E873BDE}.Debug|x64.Build.0 = Debug|x64
		{CD57FFB7-7A4D-4739-93D1-F5C89E873BDE}.Debug|x86.ActiveCfg = Debug|Win32
		{CD57FFB7-7A4D-4739-93D1-F5C89E873BDE}.Debug|x86.Build.0 = Debug|Win32
		{CD57FFB7-7A4D-4739-93D1-F5C89E873BDE}.Release|x64.ActiveCfg = Release|x64
		{CD57FFB7-7A4D-4739-93D1-F5C89E873BDE}.Release|x64.Build.0 = Release|x64
		{CD57FFB7-7A4D-4739-93D1-F5C89E873BDE}.Release|x86.ActiveCfg = Release|Win32
		{CD57FFB7-7A4D-4739-93D1-F5C89E873BDE}.Release|x86.Build.0 = Release|Win32
	EndGlobalSection
	GlobalSection(SolutionProperties) = preSolution
		HideSolutionNode = FALSE
	EndGlobalSection
	GlobalSection(ExtensibilityGlobals) = postSolution
		SolutionGuid = {0130A42B-0AB8-45E4-9856-75755395A478}
	EndGlobalSection
EndGlobal
